
Microsoft Visual Studio Solution File, Format Version 12.00
# Visual Studio Version 17
VisualStudioVersion = 17.10.35122.118
MinimumVisualStudioVersion = 10.0.40219.1
Project("{9A19103F-16F7-4668-BE54-9A1E7A4F7556}") = "Amazon", "Amazon\Amazon.csproj", "{2DB8E280-896B-4850-8E78-4A857286C727}"
EndProject
Project("{FAE04EC0-301F-11D3-BF4B-00C04F79EFBC}") = "BusinessLogicLayer", "BusinessLogic\BusinessLogicLayer.csproj", "{D2FCD35B-B96E-4A94-B24B-21117171F1CF}"
EndProject
Project("{FAE04EC0-301F-11D3-BF4B-00C04F79EFBC}") = "DataAccessLayer", "DataAccessLayer\DataAccessLayer.csproj", "{672F9DB7-E8C6-4FA8-BD25-217ED5E7F97D}"
EndProject
Global
	GlobalSection(SolutionConfigurationPlatforms) = preSolution
		Debug|Any CPU = Debug|Any CPU
		Release|Any CPU = Release|Any CPU
	EndGlobalSection
	GlobalSection(ProjectConfigurationPlatforms) = postSolution
		{2DB8E280-896B-4850-8E78-4A857286C727}.Debug|Any CPU.ActiveCfg = Debug|Any CPU
		{2DB8E280-896B-4850-8E78-4A857286C727}.Debug|Any CPU.Build.0 = Debug|Any CPU
		{2DB8E280-896B-4850-8E78-4A857286C727}.Release|Any CPU.ActiveCfg = Release|Any CPU
		{2DB8E280-896B-4850-8E78-4A857286C727}.Release|Any CPU.Build.0 = Release|Any CPU
		{D2FCD35B-B96E-4A94-B24B-21117171F1CF}.Debug|Any CPU.ActiveCfg = Debug|Any CPU
		{D2FCD35B-B96E-4A94-B24B-21117171F1CF}.Debug|Any CPU.Build.0 = Debug|Any CPU
		{D2FCD35B-B96E-4A94-B24B-21117171F1CF}.Release|Any CPU.ActiveCfg = Release|Any CPU
		{D2FCD35B-B96E-4A94-B24B-21117171F1CF}.Release|Any CPU.Build.0 = Release|Any CPU
		{672F9DB7-E8C6-4FA8-BD25-217ED5E7F97D}.Debug|Any CPU.ActiveCfg = Debug|Any CPU
		{672F9DB7-E8C6-4FA8-BD25-217ED5E7F97D}.Debug|Any CPU.Build.0 = Debug|Any CPU
		{672F9DB7-E8C6-4FA8-BD25-217ED5E7F97D}.Release|Any CPU.ActiveCfg = Release|Any CPU
		{672F9DB7-E8C6-4FA8-BD25-217ED5E7F97D}.Release|Any CPU.Build.0 = Release|Any CPU
	EndGlobalSection
	GlobalSection(SolutionProperties) = preSolution
		HideSolutionNode = FALSE
	EndGlobalSection
	GlobalSection(ExtensibilityGlobals) = postSolution
		SolutionGuid = {86EC9B1D-1DF5-43CF-B3D6-44732D34C39C}
	EndGlobalSection
EndGlobal
